
Microsoft Visual Studio Solution File, Format Version 12.00
# Visual Studio 15
VisualStudioVersion = 15.0.27703.2035
MinimumVisualStudioVersion = 10.0.40219.1
Project("{FAE04EC0-301F-11D3-BF4B-00C04F79EFBC}") = "WebAPIVersioning", "WebAPIVersioning\WebAPIVersioning.csproj", "{19A24380-88FF-486A-870E-33AE676B026D}"
EndProject
Global
	GlobalSection(SolutionConfigurationPlatforms) = preSolution
		Debug|Any CPU = Debug|Any CPU
		Release|Any CPU = Release|Any CPU
	EndGlobalSection
	GlobalSection(ProjectConfigurationPlatforms) = postSolution
		{19A24380-88FF-486A-870E-33AE676B026D}.Debug|Any CPU.ActiveCfg = Debug|Any CPU
		{19A24380-88FF-486A-870E-33AE676B026D}.Debug|Any CPU.Build.0 = Debug|Any CPU
		{19A24380-88FF-486A-870E-33AE676B026D}.Release|Any CPU.ActiveCfg = Release|Any CPU
		{19A24380-88FF-486A-870E-33AE676B026D}.Release|Any CPU.Build.0 = Release|Any CPU
	EndGlobalSection
	GlobalSection(SolutionProperties) = preSolution
		HideSolutionNode = FALSE
	EndGlobalSection
	GlobalSection(ExtensibilityGlobals) = postSolution
		SolutionGuid = {3ACBD178-3EC7-4A85-9FED-E7DB24ED7078}
	EndGlobalSection
EndGlobal
